
Microsoft Visual Studio Solution File, Format Version 12.00
# Visual Studio 15
VisualStudioVersion = 15.0.28307.421
MinimumVisualStudioVersion = 10.0.40219.1
Project("{8BC9CEB8-8B4A-11D0-8D11-00A0C91BC942}") = "Powers", "Project1\Project1.vcxproj", "{EB4B6730-89D1-413C-9790-301597A5F498}"
EndProject
Project("{8BC9CEB8-8B4A-11D0-8D11-00A0C91BC942}") = "CppUTest Project Template1", "CppUTest Project Template1\CppUTest Project Template1.vcxproj", "{CFE9F1BD-E501-4EEE-B8F4-E82D38E8341D}"
EndProject
Global
	GlobalSection(SolutionConfigurationPlatforms) = preSolution
		Debug|x64 = Debug|x64
		Debug|x86 = Debug|x86
		Release|x64 = Release|x64
		Release|x86 = Release|x86
	EndGlobalSection
	GlobalSection(ProjectConfigurationPlatforms) = postSolution
		{EB4B6730-89D1-413C-9790-301597A5F498}.Debug|x64.ActiveCfg = Debug|x64
		{EB4B6730-89D1-413C-9790-301597A5F498}.Debug|x64.Build.0 = Debug|x64
		{EB4B6730-89D1-413C-9790-301597A5F498}.Debug|x86.ActiveCfg = Debug|Win32
		{EB4B6730-89D1-413C-9790-301597A5F498}.Debug|x86.Build.0 = Debug|Win32
		{EB4B6730-89D1-413C-9790-301597A5F498}.Release|x64.ActiveCfg = Release|x64
		{EB4B6730-89D1-413C-9790-301597A5F498}.Release|x64.Build.0 = Release|x64
		{EB4B6730-89D1-413C-9790-301597A5F498}.Release|x86.ActiveCfg = Release|Win32
		{EB4B6730-89D1-413C-9790-301597A5F498}.Release|x86.Build.0 = Release|Win32
		{CFE9F1BD-E501-4EEE-B8F4-E82D38E8341D}.Debug|x64.ActiveCfg = Debug|x64
		{CFE9F1BD-E501-4EEE-B8F4-E82D38E8341D}.Debug|x64.Build.0 = Debug|x64
		{CFE9F1BD-E501-4EEE-B8F4-E82D38E8341D}.Debug|x86.ActiveCfg = Debug|Win32
		{CFE9F1BD-E501-4EEE-B8F4-E82D38E8341D}.Debug|x86.Build.0 = Debug|Win32
		{CFE9F1BD-E501-4EEE-B8F4-E82D38E8341D}.Release|x64.ActiveCfg = Release|x64
		{CFE9F1BD-E501-4EEE-B8F4-E82D38E8341D}.Release|x64.Build.0 = Release|x64
		{CFE9F1BD-E501-4EEE-B8F4-E82D38E8341D}.Release|x86.ActiveCfg = Release|Win32
		{CFE9F1BD-E501-4EEE-B8F4-E82D38E8341D}.Release|x86.Build.0 = Release|Win32
	EndGlobalSection
	GlobalSection(SolutionProperties) = preSolution
		HideSolutionNode = FALSE
	EndGlobalSection
	GlobalSection(ExtensibilityGlobals) = postSolution
		SolutionGuid = {E49163C5-B924-4ECE-B374-839CDF0C559C}
	EndGlobalSection
EndGlobal
