
Microsoft Visual Studio Solution File, Format Version 12.00
# Visual Studio 15
VisualStudioVersion = 15.0.28307.421
MinimumVisualStudioVersion = 10.0.40219.1
Project("{8BC9CEB8-8B4A-11D0-8D11-00A0C91BC942}") = "DemoPower", "DemoPower\DemoPower.vcxproj", "{3A5CEE1C-75EA-4CE9-A256-4ECDE92C2F01}"
EndProject
Project("{8BC9CEB8-8B4A-11D0-8D11-00A0C91BC942}") = "CppUTest Project Template1", "CppUTest Project Template1\CppUTest Project Template1.vcxproj", "{7B91D305-EABE-4B7B-B03D-4AF5CE2F9766}"
EndProject
Global
	GlobalSection(SolutionConfigurationPlatforms) = preSolution
		Debug|x64 = Debug|x64
		Debug|x86 = Debug|x86
		Release|x64 = Release|x64
		Release|x86 = Release|x86
	EndGlobalSection
	GlobalSection(ProjectConfigurationPlatforms) = postSolution
		{3A5CEE1C-75EA-4CE9-A256-4ECDE92C2F01}.Debug|x64.ActiveCfg = Debug|x64
		{3A5CEE1C-75EA-4CE9-A256-4ECDE92C2F01}.Debug|x64.Build.0 = Debug|x64
		{3A5CEE1C-75EA-4CE9-A256-4ECDE92C2F01}.Debug|x86.ActiveCfg = Debug|Win32
		{3A5CEE1C-75EA-4CE9-A256-4ECDE92C2F01}.Debug|x86.Build.0 = Debug|Win32
		{3A5CEE1C-75EA-4CE9-A256-4ECDE92C2F01}.Release|x64.ActiveCfg = Release|x64
		{3A5CEE1C-75EA-4CE9-A256-4ECDE92C2F01}.Release|x64.Build.0 = Release|x64
		{3A5CEE1C-75EA-4CE9-A256-4ECDE92C2F01}.Release|x86.ActiveCfg = Release|Win32
		{3A5CEE1C-75EA-4CE9-A256-4ECDE92C2F01}.Release|x86.Build.0 = Release|Win32
		{7B91D305-EABE-4B7B-B03D-4AF5CE2F9766}.Debug|x64.ActiveCfg = Debug|x64
		{7B91D305-EABE-4B7B-B03D-4AF5CE2F9766}.Debug|x64.Build.0 = Debug|x64
		{7B91D305-EABE-4B7B-B03D-4AF5CE2F9766}.Debug|x86.ActiveCfg = Debug|Win32
		{7B91D305-EABE-4B7B-B03D-4AF5CE2F9766}.Debug|x86.Build.0 = Debug|Win32
		{7B91D305-EABE-4B7B-B03D-4AF5CE2F9766}.Release|x64.ActiveCfg = Release|x64
		{7B91D305-EABE-4B7B-B03D-4AF5CE2F9766}.Release|x64.Build.0 = Release|x64
		{7B91D305-EABE-4B7B-B03D-4AF5CE2F9766}.Release|x86.ActiveCfg = Release|Win32
		{7B91D305-EABE-4B7B-B03D-4AF5CE2F9766}.Release|x86.Build.0 = Release|Win32
	EndGlobalSection
	GlobalSection(SolutionProperties) = preSolution
		HideSolutionNode = FALSE
	EndGlobalSection
	GlobalSection(ExtensibilityGlobals) = postSolution
		SolutionGuid = {8F9D116D-ECF1-4D68-A797-47864DEAA023}
	EndGlobalSection
EndGlobal
